
Microsoft Visual Studio Solution File, Format Version 12.00
# Visual Studio Version 16
VisualStudioVersion = 16.0.31424.327
MinimumVisualStudioVersion = 10.0.40219.1
Project("{FAE04EC0-301F-11D3-BF4B-00C04F79EFBC}") = "Project", "Project\Project.csproj", "{4FDD2D74-32BA-4F2D-87FF-AC725F5B10C9}"
EndProject
Global
	GlobalSection(SolutionConfigurationPlatforms) = preSolution
		Debug|Any CPU = Debug|Any CPU
		Release|Any CPU = Release|Any CPU
	EndGlobalSection
	GlobalSection(ProjectConfigurationPlatforms) = postSolution
		{4FDD2D74-32BA-4F2D-87FF-AC725F5B10C9}.Debug|Any CPU.ActiveCfg = Debug|Any CPU
		{4FDD2D74-32BA-4F2D-87FF-AC725F5B10C9}.Debug|Any CPU.Build.0 = Debug|Any CPU
		{4FDD2D74-32BA-4F2D-87FF-AC725F5B10C9}.Release|Any CPU.ActiveCfg = Release|Any CPU
		{4FDD2D74-32BA-4F2D-87FF-AC725F5B10C9}.Release|Any CPU.Build.0 = Release|Any CPU
	EndGlobalSection
	GlobalSection(SolutionProperties) = preSolution
		HideSolutionNode = FALSE
	EndGlobalSection
	GlobalSection(ExtensibilityGlobals) = postSolution
		SolutionGuid = {D342E8F9-FF6F-423B-988D-58BD2C61F45E}
	EndGlobalSection
EndGlobal
